<Solution>
  <Configurations>
    <Platform Name="Any CPU" />
    <Platform Name="x64" />
    <Platform Name="x86" />
  </Configurations>
  <Folder Name="/Solution Items/">
    <File Path=".editorconfig" />
    <File Path=".filenesting.json" />
    <File Path=".gitignore" />
    <File Path="Directory.Build.props" />
    <File Path="Directory.Build.targets" />
    <File Path="Directory.Packages.props" />
    <File Path="Directory.Solution.props" />
    <File Path="GitVersion.yml" />
    <File Path="global.json" />
    <File Path="LICENSE" />
    <File Path="nuget.config" />
    <File Path="README.md" />
    <File Path="renovate.json" />
  </Folder>
  <Folder Name="/src/">
    <Project Path="src/NetEvolve.HealthPublishers.Abstractions/NetEvolve.HealthPublishers.Abstractions.csproj" />
    <Project Path="src/NetEvolve.HealthPublishers.ApplicationInsights/NetEvolve.HealthPublishers.ApplicationInsights.csproj" />
    <Project Path="src/NetEvolve.HealthPublishers.AWS.CloudWatch/NetEvolve.HealthPublishers.AWS.CloudWatch.csproj" />
    <Project Path="src/NetEvolve.HealthPublishers.Datadog/NetEvolve.HealthPublishers.Datadog.csproj" />
    <Project Path="src/NetEvolve.HealthPublishers.Elasticsearch/NetEvolve.HealthPublishers.Elasticsearch.csproj" />
    <Project Path="src/NetEvolve.HealthPublishers.OpenTelemetry/NetEvolve.HealthPublishers.OpenTelemetry.csproj" />
    <Project Path="src/NetEvolve.HealthPublishers.Opsgenie/NetEvolve.HealthPublishers.Opsgenie.csproj" />
    <Project Path="src/NetEvolve.HealthPublishers.PagerDuty/NetEvolve.HealthPublishers.PagerDuty.csproj" />
    <Project Path="src/NetEvolve.HealthPublishers.Prometheus.Metrics/NetEvolve.HealthPublishers.Prometheus.Metrics.csproj" />
    <Project Path="src/NetEvolve.HealthPublishers.Prometheus.PushGateway/NetEvolve.HealthPublishers.Prometheus.PushGateway.csproj" />
    <Project Path="src/NetEvolve.HealthPublishers.Seq/NetEvolve.HealthPublishers.Seq.csproj" />
    <Project Path="src/NetEvolve.HealthPublishers.Splunk/NetEvolve.HealthPublishers.Splunk.csproj" />
    <Project Path="src/NetEvolve.HealthPublishers.Webhook/NetEvolve.HealthPublishers.Webhook.csproj" />
  </Folder>
  <Folder Name="/tests/">
    <Project Path="tests/NetEvolve.HealthPublishers.Tests.Architecture/NetEvolve.HealthPublishers.Tests.Architecture.csproj" />
    <Project Path="tests/NetEvolve.HealthPublishers.Tests.Integration/NetEvolve.HealthPublishers.Tests.Integration.csproj" />
    <Project Path="tests/NetEvolve.HealthPublishers.Tests.Unit/NetEvolve.HealthPublishers.Tests.Unit.csproj" />
  </Folder>
</Solution>
